
Microsoft Visual Studio Solution File, Format Version 12.00
# Visual Studio Version 17
VisualStudioVersion = 17.11.35312.102
MinimumVisualStudioVersion = 10.0.40219.1
Project("{8BC9CEB8-8B4A-11D0-8D11-00A0C91BC942}") = "hanshu", "hanshu\hanshu.vcxproj", "{D85E036E-284A-48F6-9CE1-A4A7CAB6DEDD}"
EndProject
Global
	GlobalSection(SolutionConfigurationPlatforms) = preSolution
		Debug|x64 = Debug|x64
		Debug|x86 = Debug|x86
		Release|x64 = Release|x64
		Release|x86 = Release|x86
	EndGlobalSection
	GlobalSection(ProjectConfigurationPlatforms) = postSolution
		{D85E036E-284A-48F6-9CE1-A4A7CAB6DEDD}.Debug|x64.ActiveCfg = Debug|x64
		{D85E036E-284A-48F6-9CE1-A4A7CAB6DEDD}.Debug|x64.Build.0 = Debug|x64
		{D85E036E-284A-48F6-9CE1-A4A7CAB6DEDD}.Debug|x86.ActiveCfg = Debug|Win32
		{D85E036E-284A-48F6-9CE1-A4A7CAB6DEDD}.Debug|x86.Build.0 = Debug|Win32
		{D85E036E-284A-48F6-9CE1-A4A7CAB6DEDD}.Release|x64.ActiveCfg = Release|x64
		{D85E036E-284A-48F6-9CE1-A4A7CAB6DEDD}.Release|x64.Build.0 = Release|x64
		{D85E036E-284A-48F6-9CE1-A4A7CAB6DEDD}.Release|x86.ActiveCfg = Release|Win32
		{D85E036E-284A-48F6-9CE1-A4A7CAB6DEDD}.Release|x86.Build.0 = Release|Win32
	EndGlobalSection
	GlobalSection(SolutionProperties) = preSolution
		HideSolutionNode = FALSE
	EndGlobalSection
	GlobalSection(ExtensibilityGlobals) = postSolution
		SolutionGuid = {F1FA513A-59DF-48CC-902B-46F60A9A8297}
	EndGlobalSection
EndGlobal
