
Microsoft Visual Studio Solution File, Format Version 12.00
# Visual Studio Version 17
VisualStudioVersion = 17.11.35312.102
MinimumVisualStudioVersion = 10.0.40219.1
Project("{8BC9CEB8-8B4A-11D0-8D11-00A0C91BC942}") = "test signed", "test signed\test signed.vcxproj", "{81E19DEC-7B7C-419F-B50F-0CDDACB7F0D4}"
EndProject
Global
	GlobalSection(SolutionConfigurationPlatforms) = preSolution
		Debug|x64 = Debug|x64
		Debug|x86 = Debug|x86
		Release|x64 = Release|x64
		Release|x86 = Release|x86
	EndGlobalSection
	GlobalSection(ProjectConfigurationPlatforms) = postSolution
		{81E19DEC-7B7C-419F-B50F-0CDDACB7F0D4}.Debug|x64.ActiveCfg = Debug|x64
		{81E19DEC-7B7C-419F-B50F-0CDDACB7F0D4}.Debug|x64.Build.0 = Debug|x64
		{81E19DEC-7B7C-419F-B50F-0CDDACB7F0D4}.Debug|x86.ActiveCfg = Debug|Win32
		{81E19DEC-7B7C-419F-B50F-0CDDACB7F0D4}.Debug|x86.Build.0 = Debug|Win32
		{81E19DEC-7B7C-419F-B50F-0CDDACB7F0D4}.Release|x64.ActiveCfg = Release|x64
		{81E19DEC-7B7C-419F-B50F-0CDDACB7F0D4}.Release|x64.Build.0 = Release|x64
		{81E19DEC-7B7C-419F-B50F-0CDDACB7F0D4}.Release|x86.ActiveCfg = Release|Win32
		{81E19DEC-7B7C-419F-B50F-0CDDACB7F0D4}.Release|x86.Build.0 = Release|Win32
	EndGlobalSection
	GlobalSection(SolutionProperties) = preSolution
		HideSolutionNode = FALSE
	EndGlobalSection
	GlobalSection(ExtensibilityGlobals) = postSolution
		SolutionGuid = {149CBB55-19E7-400D-8DFD-6B953D38554A}
	EndGlobalSection
EndGlobal
